{
  "name": "tectonic",
  "version": "1.0.0",
  "lockfileVersion": 1,
  "dependencies": {
    "@types/node": {
      "version": "8.0.51",
      "resolved": "https://registry.npmjs.org/@types/node/-/node-8.0.51.tgz",
      "integrity": "sha512-El3+WJk2D/ppWNd2X05aiP5l2k4EwF7KwheknQZls+I26eSICoWRhRIJ56jGgw2dqNGQ5LtNajmBU2ajS28EvQ=="
    },
    "text-encoding": {
      "version": "0.6.4",
      "resolved": "https://registry.npmjs.org/text-encoding/-/text-encoding-0.6.4.tgz",
      "integrity": "sha1-45mpgiV6J22uQou5KEXLcb3CbRk="
    }
  }
}
